Microsoft Visual Studio Solution File, Format Version 12.00
# Visual Studio Version 17
VisualStudioVersion = 17.5.2.0
MinimumVisualStudioVersion = 10.0.40219.1
Project("{FAE04EC0-301F-11D3-BF4B-00C04F79EFBC}") = "Sistema_Chamados", "Sistema_Chamados.csproj", "{C319BD91-2BA5-E224-F1A3-EE983306B72B}"
EndProject
Global
	GlobalSection(SolutionConfigurationPlatforms) = preSolution
		Debug|Any CPU = Debug|Any CPU
		Release|Any CPU = Release|Any CPU
	EndGlobalSection
	GlobalSection(ProjectConfigurationPlatforms) = postSolution
		{C319BD91-2BA5-E224-F1A3-EE983306B72B}.Debug|Any CPU.ActiveCfg = Debug|Any CPU
		{C319BD91-2BA5-E224-F1A3-EE983306B72B}.Debug|Any CPU.Build.0 = Debug|Any CPU
		{C319BD91-2BA5-E224-F1A3-EE983306B72B}.Release|Any CPU.ActiveCfg = Release|Any CPU
		{C319BD91-2BA5-E224-F1A3-EE983306B72B}.Release|Any CPU.Build.0 = Release|Any CPU
	EndGlobalSection
	GlobalSection(SolutionProperties) = preSolution
		HideSolutionNode = FALSE
	EndGlobalSection
	GlobalSection(ExtensibilityGlobals) = postSolution
		SolutionGuid = {24F2E3F2-245C-428A-9348-D14F85E11C9A}
	EndGlobalSection
EndGlobal
